{
  "name": "use-hook-global",
  "version": "1.0.0",
  "lockfileVersion": 2,
  "requires": true,
  "packages": {
    "": {
      "name": "use-hook-global",
      "version": "1.0.0",
      "license": "ISC",
      "dependencies": {
        "use-hook-global": "^1.0.0"
      }
    },
    "node_modules/use-hook-global": {
      "version": "1.0.0",
      "resolved": "https://registry.npmjs.org/use-hook-global/-/use-hook-global-1.0.0.tgz",
      "integrity": "sha512-DeeauWErjl/Rad5Vo0hiHpLg9mvecTh5I7WaKE3Stmv9pxhEUZ4NbXhfjp8uOIeGnTN4tIdnqigz5+nZ8EKXbQ=="
    }
  },
  "dependencies": {
    "use-hook-global": {
      "version": "1.0.0",
      "resolved": "https://registry.npmjs.org/use-hook-global/-/use-hook-global-1.0.0.tgz",
      "integrity": "sha512-DeeauWErjl/Rad5Vo0hiHpLg9mvecTh5I7WaKE3Stmv9pxhEUZ4NbXhfjp8uOIeGnTN4tIdnqigz5+nZ8EKXbQ=="
    }
  }
}
